
Microsoft Visual Studio Solution File, Format Version 12.00
# Visual Studio Version 17
VisualStudioVersion = 17.6.33829.357
MinimumVisualStudioVersion = 10.0.40219.1
Project("{9A19103F-16F7-4668-BE54-9A1E7A4F7556}") = "BigBall.API", "BigBall.API.csproj", "{D7F7A38F-1680-4A56-99BD-6CAC16208B69}"
EndProject
Project("{9A19103F-16F7-4668-BE54-9A1E7A4F7556}") = "BigBall.General", "..\BigBall.General\BigBall.General.csproj", "{BC81B332-0F2E-46AE-9F08-8284DA60A2EF}"
EndProject
Project("{9A19103F-16F7-4668-BE54-9A1E7A4F7556}") = "BigBall.Context.Contracts", "..\BigBall.Context.Contracts\BigBall.Context.Contracts.csproj", "{5F67AE56-FD45-4E5A-BC11-1148A0B38184}"
EndProject
Project("{9A19103F-16F7-4668-BE54-9A1E7A4F7556}") = "BigBall.Context", "..\BigBall.Context\BigBall.Context.csproj", "{97AE1FF6-FBF0-4E5A-8E75-0A3DFAEBC474}"
EndProject
Project("{9A19103F-16F7-4668-BE54-9A1E7A4F7556}") = "BigBall.Context.Contracts.Configuration", "..\BigBall.Context.Contracts.Configuration\BigBall.Context.Contracts.Configuration.csproj", "{695444B1-B7C7-47DF-9C7C-37099B77EB0F}"
EndProject
Project("{9A19103F-16F7-4668-BE54-9A1E7A4F7556}") = "BigBall.Common.Entity", "..\BigBall.Common.Entity\BigBall.Common.Entity.csproj", "{ECA3A1D8-406A-45A6-8E11-530144395AF0}"
EndProject
Project("{9A19103F-16F7-4668-BE54-9A1E7A4F7556}") = "BigBall.Repositories.Contracts", "..\BigBall.Repositories.Contracts\BigBall.Repositories.Contracts.csproj", "{45A9643F-818C-4402-82BF-40811F0B5DD1}"
EndProject
Project("{9A19103F-16F7-4668-BE54-9A1E7A4F7556}") = "BigBall.Repositories", "..\BigBall.Repositories\BigBall.Repositories.csproj", "{0886FEDE-7778-45CF-A7D2-5BA1CFB0B941}"
EndProject
Project("{9A19103F-16F7-4668-BE54-9A1E7A4F7556}") = "BigBall.Services", "..\BigBall.Services\BigBall.Services.csproj", "{1475E950-86D4-4FF1-B38E-B13DE634899D}"
EndProject
Project("{9A19103F-16F7-4668-BE54-9A1E7A4F7556}") = "BigBall.Services.Contracts", "..\BigBall.Services.Contracts\BigBall.Services.Contracts.csproj", "{49DE2EF3-F0D5-414E-8969-9EA1579EE6DB}"
EndProject
Project("{FAE04EC0-301F-11D3-BF4B-00C04F79EFBC}") = "BigBall.Context.Tests", "..\BigBall.Context.Tests\BigBall.Context.Tests.csproj", "{F746C7EE-8856-43FF-9E8E-FE69EEE914F5}"
EndProject
Project("{FAE04EC0-301F-11D3-BF4B-00C04F79EFBC}") = "BigBall.Repositories.Tests", "..\BigBall.Repositories.Tests\BigBall.Repositories.Tests.csproj", "{632D5C79-C6FD-458E-864F-BC1C2542C550}"
EndProject
Project("{FAE04EC0-301F-11D3-BF4B-00C04F79EFBC}") = "BigBall.Services.Tests", "..\BigBall.Services.Tests\BigBall.Services.Tests.csproj", "{F3D1BC3C-CAFC-44BB-BA27-418F2E87B179}"
EndProject
Project("{FAE04EC0-301F-11D3-BF4B-00C04F79EFBC}") = "BigBall.API.Tests", "..\BigBall.API.Tests\BigBall.API.Tests.csproj", "{CF834A8C-F05D-47E7-9202-47E3D36CB1A7}"
EndProject
Global
	GlobalSection(SolutionConfigurationPlatforms) = preSolution
		Debug|Any CPU = Debug|Any CPU
		Release|Any CPU = Release|Any CPU
	EndGlobalSection
	GlobalSection(ProjectConfigurationPlatforms) = postSolution
		{D7F7A38F-1680-4A56-99BD-6CAC16208B69}.Debug|Any CPU.ActiveCfg = Debug|Any CPU
		{D7F7A38F-1680-4A56-99BD-6CAC16208B69}.Debug|Any CPU.Build.0 = Debug|Any CPU
		{D7F7A38F-1680-4A56-99BD-6CAC16208B69}.Release|Any CPU.ActiveCfg = Release|Any CPU
		{D7F7A38F-1680-4A56-99BD-6CAC16208B69}.Release|Any CPU.Build.0 = Release|Any CPU
		{BC81B332-0F2E-46AE-9F08-8284DA60A2EF}.Debug|Any CPU.ActiveCfg = Debug|Any CPU
		{BC81B332-0F2E-46AE-9F08-8284DA60A2EF}.Debug|Any CPU.Build.0 = Debug|Any CPU
		{BC81B332-0F2E-46AE-9F08-8284DA60A2EF}.Release|Any CPU.ActiveCfg = Release|Any CPU
		{BC81B332-0F2E-46AE-9F08-8284DA60A2EF}.Release|Any CPU.Build.0 = Release|Any CPU
		{5F67AE56-FD45-4E5A-BC11-1148A0B38184}.Debug|Any CPU.ActiveCfg = Debug|Any CPU
		{5F67AE56-FD45-4E5A-BC11-1148A0B38184}.Debug|Any CPU.Build.0 = Debug|Any CPU
		{5F67AE56-FD45-4E5A-BC11-1148A0B38184}.Release|Any CPU.ActiveCfg = Release|Any CPU
		{5F67AE56-FD45-4E5A-BC11-1148A0B38184}.Release|Any CPU.Build.0 = Release|Any CPU
		{97AE1FF6-FBF0-4E5A-8E75-0A3DFAEBC474}.Debug|Any CPU.ActiveCfg = Debug|Any CPU
		{97AE1FF6-FBF0-4E5A-8E75-0A3DFAEBC474}.Debug|Any CPU.Build.0 = Debug|Any CPU
		{97AE1FF6-FBF0-4E5A-8E75-0A3DFAEBC474}.Release|Any CPU.ActiveCfg = Release|Any CPU
		{97AE1FF6-FBF0-4E5A-8E75-0A3DFAEBC474}.Release|Any CPU.Build.0 = Release|Any CPU
		{695444B1-B7C7-47DF-9C7C-37099B77EB0F}.Debug|Any CPU.ActiveCfg = Debug|Any CPU
		{695444B1-B7C7-47DF-9C7C-37099B77EB0F}.Debug|Any CPU.Build.0 = Debug|Any CPU
		{695444B1-B7C7-47DF-9C7C-37099B77EB0F}.Release|Any CPU.ActiveCfg = Release|Any CPU
		{695444B1-B7C7-47DF-9C7C-37099B77EB0F}.Release|Any CPU.Build.0 = Release|Any CPU
		{ECA3A1D8-406A-45A6-8E11-530144395AF0}.Debug|Any CPU.ActiveCfg = Debug|Any CPU
		{ECA3A1D8-406A-45A6-8E11-530144395AF0}.Debug|Any CPU.Build.0 = Debug|Any CPU
		{ECA3A1D8-406A-45A6-8E11-530144395AF0}.Release|Any CPU.ActiveCfg = Release|Any CPU
		{ECA3A1D8-406A-45A6-8E11-530144395AF0}.Release|Any CPU.Build.0 = Release|Any CPU
		{45A9643F-818C-4402-82BF-40811F0B5DD1}.Debug|Any CPU.ActiveCfg = Debug|Any CPU
		{45A9643F-818C-4402-82BF-40811F0B5DD1}.Debug|Any CPU.Build.0 = Debug|Any CPU
		{45A9643F-818C-4402-82BF-40811F0B5DD1}.Release|Any CPU.ActiveCfg = Release|Any CPU
		{45A9643F-818C-4402-82BF-40811F0B5DD1}.Release|Any CPU.Build.0 = Release|Any CPU
		{0886FEDE-7778-45CF-A7D2-5BA1CFB0B941}.Debug|Any CPU.ActiveCfg = Debug|Any CPU
		{0886FEDE-7778-45CF-A7D2-5BA1CFB0B941}.Debug|Any CPU.Build.0 = Debug|Any CPU
		{0886FEDE-7778-45CF-A7D2-5BA1CFB0B941}.Release|Any CPU.ActiveCfg = Release|Any CPU
		{0886FEDE-7778-45CF-A7D2-5BA1CFB0B941}.Release|Any CPU.Build.0 = Release|Any CPU
		{1475E950-86D4-4FF1-B38E-B13DE634899D}.Debug|Any CPU.ActiveCfg = Debug|Any CPU
		{1475E950-86D4-4FF1-B38E-B13DE634899D}.Debug|Any CPU.Build.0 = Debug|Any CPU
		{1475E950-86D4-4FF1-B38E-B13DE634899D}.Release|Any CPU.ActiveCfg = Release|Any CPU
		{1475E950-86D4-4FF1-B38E-B13DE634899D}.Release|Any CPU.Build.0 = Release|Any CPU
		{49DE2EF3-F0D5-414E-8969-9EA1579EE6DB}.Debug|Any CPU.ActiveCfg = Debug|Any CPU
		{49DE2EF3-F0D5-414E-8969-9EA1579EE6DB}.Debug|Any CPU.Build.0 = Debug|Any CPU
		{49DE2EF3-F0D5-414E-8969-9EA1579EE6DB}.Release|Any CPU.ActiveCfg = Release|Any CPU
		{49DE2EF3-F0D5-414E-8969-9EA1579EE6DB}.Release|Any CPU.Build.0 = Release|Any CPU
		{F746C7EE-8856-43FF-9E8E-FE69EEE914F5}.Debug|Any CPU.ActiveCfg = Debug|Any CPU
		{F746C7EE-8856-43FF-9E8E-FE69EEE914F5}.Debug|Any CPU.Build.0 = Debug|Any CPU
		{F746C7EE-8856-43FF-9E8E-FE69EEE914F5}.Release|Any CPU.ActiveCfg = Release|Any CPU
		{F746C7EE-8856-43FF-9E8E-FE69EEE914F5}.Release|Any CPU.Build.0 = Release|Any CPU
		{632D5C79-C6FD-458E-864F-BC1C2542C550}.Debug|Any CPU.ActiveCfg = Debug|Any CPU
		{632D5C79-C6FD-458E-864F-BC1C2542C550}.Debug|Any CPU.Build.0 = Debug|Any CPU
		{632D5C79-C6FD-458E-864F-BC1C2542C550}.Release|Any CPU.ActiveCfg = Release|Any CPU
		{632D5C79-C6FD-458E-864F-BC1C2542C550}.Release|Any CPU.Build.0 = Release|Any CPU
		{F3D1BC3C-CAFC-44BB-BA27-418F2E87B179}.Debug|Any CPU.ActiveCfg = Debug|Any CPU
		{F3D1BC3C-CAFC-44BB-BA27-418F2E87B179}.Debug|Any CPU.Build.0 = Debug|Any CPU
		{F3D1BC3C-CAFC-44BB-BA27-418F2E87B179}.Release|Any CPU.ActiveCfg = Release|Any CPU
		{F3D1BC3C-CAFC-44BB-BA27-418F2E87B179}.Release|Any CPU.Build.0 = Release|Any CPU
		{CF834A8C-F05D-47E7-9202-47E3D36CB1A7}.Debug|Any CPU.ActiveCfg = Debug|Any CPU
		{CF834A8C-F05D-47E7-9202-47E3D36CB1A7}.Debug|Any CPU.Build.0 = Debug|Any CPU
		{CF834A8C-F05D-47E7-9202-47E3D36CB1A7}.Release|Any CPU.ActiveCfg = Release|Any CPU
		{CF834A8C-F05D-47E7-9202-47E3D36CB1A7}.Release|Any CPU.Build.0 = Release|Any CPU
	EndGlobalSection
	GlobalSection(SolutionProperties) = preSolution
		HideSolutionNode = FALSE
	EndGlobalSection
	GlobalSection(ExtensibilityGlobals) = postSolution
		SolutionGuid = {915BA907-9217-452A-8172-8C3CE8F4B8BB}
	EndGlobalSection
EndGlobal
